
Microsoft Visual Studio Solution File, Format Version 12.00
# Visual Studio Version 16
VisualStudioVersion = 16.0.29424.173
MinimumVisualStudioVersion = 10.0.40219.1
Project("{9A19103F-16F7-4668-BE54-9A1E7A4F7556}") = "QPara.Web", "QPara.Web\QPara.Web.csproj", "{39A89357-A0AF-4B0B-AC08-509E3F795CFF}"
EndProject
Project("{2150E333-8FDC-42A3-9474-1A3956D46DE8}") = "Solution Items", "Solution Items", "{CE8A66CE-9736-4D22-974C-F022B97521DD}"
	ProjectSection(SolutionItems) = preProject
		..\SharedWeb\SharedWeb.shproj = ..\SharedWeb\SharedWeb.shproj
	EndProjectSection
EndProject
Global
	GlobalSection(SolutionConfigurationPlatforms) = preSolution
		Debug|Any CPU = Debug|Any CPU
		Release|Any CPU = Release|Any CPU
	EndGlobalSection
	GlobalSection(ProjectConfigurationPlatforms) = postSolution
		{39A89357-A0AF-4B0B-AC08-509E3F795CFF}.Debug|Any CPU.ActiveCfg = Debug|Any CPU
		{39A89357-A0AF-4B0B-AC08-509E3F795CFF}.Debug|Any CPU.Build.0 = Debug|Any CPU
		{39A89357-A0AF-4B0B-AC08-509E3F795CFF}.Release|Any CPU.ActiveCfg = Release|Any CPU
		{39A89357-A0AF-4B0B-AC08-509E3F795CFF}.Release|Any CPU.Build.0 = Release|Any CPU
	EndGlobalSection
	GlobalSection(SolutionProperties) = preSolution
		HideSolutionNode = FALSE
	EndGlobalSection
	GlobalSection(ExtensibilityGlobals) = postSolution
		SolutionGuid = {539078F4-65A3-4AC2-8360-6B458636B7A9}
	EndGlobalSection
EndGlobal
